// !$*UTF8*$!
{
	archiveVersion = 1;
	classes = {
	};
	objectVersion = 50;
	objects = {

/* Begin PBXBuildFile section */
		B7B53DC0255F0B2800F672F3 /* AppDelegate.swift in Sources */ = {isa = PBXBuildFile; fileRef = B7B53DBF255F0B2800F672F3 /* AppDelegate.swift */; };
		B7B53DC2255F0B2800F672F3 /* SceneDelegate.swift in Sources */ = {isa = PBXBuildFile; fileRef = B7B53DC1255F0B2800F672F3 /* SceneDelegate.swift */; };
		B7B53DC4255F0B2800F672F3 /* ContactsViewController.swift in Sources */ = {isa = PBXBuildFile; fileRef = B7B53DC3255F0B2800F672F3 /* ContactsViewController.swift */; };
		B7B53DC7255F0B2800F672F3 /* Main.storyboard in Resources */ = {isa = PBXBuildFile; fileRef = B7B53DC5255F0B2800F672F3 /* Main.storyboard */; };
		B7B53DC9255F0B2D00F672F3 /* Assets.xcassets in Resources */ = {isa = PBXBuildFile; fileRef = B7B53DC8255F0B2D00F672F3 /* Assets.xcassets */; };
		B7B53DCC255F0B2D00F672F3 /* LaunchScreen.storyboard in Resources */ = {isa = PBXBuildFile; fileRef = B7B53DCA255F0B2D00F672F3 /* LaunchScreen.storyboard */; };
		B7B53DD7255F0B2D00F672F3 /* ContactsAppTests.swift in Sources */ = {isa = PBXBuildFile; fileRef = B7B53DD6255F0B2D00F672F3 /* ContactsAppTests.swift */; };
		B7B53DE2255F0B2D00F672F3 /* ContactsAppUITests.swift in Sources */ = {isa = PBXBuildFile; fileRef = B7B53DE1255F0B2D00F672F3 /* ContactsAppUITests.swift */; };
		B7B53DF6255F0EA600F672F3 /* Contacts.swift in Sources */ = {isa = PBXBuildFile; fileRef = B7B53DF5255F0EA600F672F3 /* Contacts.swift */; };
		B7B53E01255F249800F672F3 /* NewContactViewController.swift in Sources */ = {isa = PBXBuildFile; fileRef = B7B53E00255F249800F672F3 /* NewContactViewController.swift */; };
/* End PBXBuildFile section */

/* Begin PBXContainerItemProxy section */
		B7B53DD3255F0B2D00F672F3 /* PBXContainerItemProxy */ = {
			isa = PBXContainerItemProxy;
			containerPortal = B7B53DB4255F0B2700F672F3 /* Project object */;
			proxyType = 1;
			remoteGlobalIDString = B7B53DBB255F0B2700F672F3;
			remoteInfo = ContactsApp;
		};
		B7B53DDE255F0B2D00F672F3 /* PBXContainerItemProxy */ = {
			isa = PBXContainerItemProxy;
			containerPortal = B7B53DB4255F0B2700F672F3 /* Project object */;
			proxyType = 1;
			remoteGlobalIDString = B7B53DBB255F0B2700F672F3;
			remoteInfo = ContactsApp;
		};
/* End PBXContainerItemProxy section */

/* Begin PBXFileReference section */
		B7B53DBC255F0B2800F672F3 /* ContactsApp.app */ = {isa = PBXFileReference; explicitFileType = wrapper.application; includeInIndex = 0; path = ContactsApp.app; sourceTree = BUILT_PRODUCTS_DIR; };
		B7B53DBF255F0B2800F672F3 /* AppDelegate.swift */ = {isa = PBXFileReference; lastKnownFileType = sourcecode.swift; path = AppDelegate.swift; sourceTree = "<group>"; };
		B7B53DC1255F0B2800F672F3 /* SceneDelegate.swift */ = {isa = PBXFileReference; lastKnownFileType = sourcecode.swift; path = SceneDelegate.swift; sourceTree = "<group>"; };
		B7B53DC3255F0B2800F672F3 /* ContactsViewController.swift */ = {isa = PBXFileReference; lastKnownFileType = sourcecode.swift; path = ContactsViewController.swift; sourceTree = "<group>"; };
		B7B53DC6255F0B2800F672F3 /* Base */ = {isa = PBXFileReference; lastKnownFileType = file.storyboard; name = Base; path = Base.lproj/Main.storyboard; sourceTree = "<group>"; };
		B7B53DC8255F0B2D00F672F3 /* Assets.xcassets */ = {isa = PBXFileReference; lastKnownFileType = folder.assetcatalog; path = Assets.xcassets; sourceTree = "<group>"; };
		B7B53DCB255F0B2D00F672F3 /* Base */ = {isa = PBXFileReference; lastKnownFileType = file.storyboard; name = Base; path = Base.lproj/LaunchScreen.storyboard; sourceTree = "<group>"; };
		B7B53DCD255F0B2D00F672F3 /* Info.plist */ = {isa = PBXFileReference; lastKnownFileType = text.plist.xml; path = Info.plist; sourceTree = "<group>"; };
		B7B53DD2255F0B2D00F672F3 /* ContactsAppTests.xctest */ = {isa = PBXFileReference; explicitFileType = wrapper.cfbundle; includeInIndex = 0; path = ContactsAppTests.xctest; sourceTree = BUILT_PRODUCTS_DIR; };
		B7B53DD6255F0B2D00F672F3 /* ContactsAppTests.swift */ = {isa = PBXFileReference; lastKnownFileType = sourcecode.swift; path = ContactsAppTests.swift; sourceTree = "<group>"; };
		B7B53DD8255F0B2D00F672F3 /* Info.plist */ = {isa = PBXFileReference; lastKnownFileType = text.plist.xml; path = Info.plist; sourceTree = "<group>"; };
		B7B53DDD255F0B2D00F672F3 /* ContactsAppUITests.xctest */ = {isa = PBXFileReference; explicitFileType = wrapper.cfbundle; includeInIndex = 0; path = ContactsAppUITests.xctest; sourceTree = BUILT_PRODUCTS_DIR; };
		B7B53DE1255F0B2D00F672F3 /* ContactsAppUITests.swift */ = {isa = PBXFileReference; lastKnownFileType = sourcecode.swift; path = ContactsAppUITests.swift; sourceTree = "<group>"; };
		B7B53DE3255F0B2D00F672F3 /* Info.plist */ = {isa = PBXFileReference; lastKnownFileType = text.plist.xml; path = Info.plist; sourceTree = "<group>"; };
		B7B53DF5255F0EA600F672F3 /* Contacts.swift */ = {isa = PBXFileReference; lastKnownFileType = sourcecode.swift; path = Contacts.swift; sourceTree = "<group>"; };
		B7B53E00255F249800F672F3 /* NewContactViewController.swift */ = {isa = PBXFileReference; lastKnownFileType = sourcecode.swift; path = NewContactViewController.swift; sourceTree = "<group>"; };
/* End PBXFileReference section */

/* Begin PBXFrameworksBuildPhase section */
		B7B53DB9255F0B2700F672F3 /* Frameworks */ = {
			isa = PBXFrameworksBuildPhase;
			buildActionMask = 2147483647;
			files = (
			);
			runOnlyForDeploymentPostprocessing = 0;
		};
		B7B53DCF255F0B2D00F672F3 /* Frameworks */ = {
			isa = PBXFrameworksBuildPhase;
			buildActionMask = 2147483647;
			files = (
			);
			runOnlyForDeploymentPostprocessing = 0;
		};
		B7B53DDA255F0B2D00F672F3 /* Frameworks */ = {
			isa = PBXFrameworksBuildPhase;
			buildActionMask = 2147483647;
			files = (
			);
			runOnlyForDeploymentPostprocessing = 0;
		};
/* End PBXFrameworksBuildPhase section */

/* Begin PBXGroup section */
		B7B53DB3255F0B2700F672F3 = {
			isa = PBXGroup;
			children = (
				B7B53DBE255F0B2800F672F3 /* ContactsApp */,
				B7B53DD5255F0B2D00F672F3 /* ContactsAppTests */,
				B7B53DE0255F0B2D00F672F3 /* ContactsAppUITests */,
				B7B53DBD255F0B2800F672F3 /* Products */,
			);
			sourceTree = "<group>";
		};
		B7B53DBD255F0B2800F672F3 /* Products */ = {
			isa = PBXGroup;
			children = (
				B7B53DBC255F0B2800F672F3 /* ContactsApp.app */,
				B7B53DD2255F0B2D00F672F3 /* ContactsAppTests.xctest */,
				B7B53DDD255F0B2D00F672F3 /* ContactsAppUITests.xctest */,
			);
			name = Products;
			sourceTree = "<group>";
		};
		B7B53DBE255F0B2800F672F3 /* ContactsApp */ = {
			isa = PBXGroup;
			children = (
				B7B53DBF255F0B2800F672F3 /* AppDelegate.swift */,
				B7B53DC1255F0B2800F672F3 /* SceneDelegate.swift */,
				B7B53DC3255F0B2800F672F3 /* ContactsViewController.swift */,
				B7B53E00255F249800F672F3 /* NewContactViewController.swift */,
				B7B53DF5255F0EA600F672F3 /* Contacts.swift */,
				B7B53DC5255F0B2800F672F3 /* Main.storyboard */,
				B7B53DC8255F0B2D00F672F3 /* Assets.xcassets */,
				B7B53DCA255F0B2D00F672F3 /* LaunchScreen.storyboard */,
				B7B53DCD255F0B2D00F672F3 /* Info.plist */,
			);
			path = ContactsApp;
			sourceTree = "<group>";
		};
		B7B53DD5255F0B2D00F672F3 /* ContactsAppTests */ = {
			isa = PBXGroup;
			children = (
				B7B53DD6255F0B2D00F672F3 /* ContactsAppTests.swift */,
				B7B53DD8255F0B2D00F672F3 /* Info.plist */,
			);
			path = ContactsAppTests;
			sourceTree = "<group>";
		};
		B7B53DE0255F0B2D00F672F3 /* ContactsAppUITests */ = {
			isa = PBXGroup;
			children = (
				B7B53DE1255F0B2D00F672F3 /* ContactsAppUITests.swift */,
				B7B53DE3255F0B2D00F672F3 /* Info.plist */,
			);
			path = ContactsAppUITests;
			sourceTree = "<group>";
		};
/* End PBXGroup section */

/* Begin PBXNativeTarget section */
		B7B53DBB255F0B2700F672F3 /* ContactsApp */ = {
			isa = PBXNativeTarget;
			buildConfigurationList = B7B53DE6255F0B2D00F672F3 /* Build configuration list for PBXNativeTarget "ContactsApp" */;
			buildPhases = (
				B7B53DB8255F0B2700F672F3 /* Sources */,
				B7B53DB9255F0B2700F672F3 /* Frameworks */,
				B7B53DBA255F0B2700F672F3 /* Resources */,
			);
			buildRules = (
			);
			dependencies = (
			);
			name = ContactsApp;
			productName = ContactsApp;
			productReference = B7B53DBC255F0B2800F672F3 /* ContactsApp.app */;
			productType = "com.apple.product-type.application";
		};
		B7B53DD1255F0B2D00F672F3 /* ContactsAppTests */ = {
			isa = PBXNativeTarget;
			buildConfigurationList = B7B53DE9255F0B2D00F672F3 /* Build configuration list for PBXNativeTarget "ContactsAppTests" */;
			buildPhases = (
				B7B53DCE255F0B2D00F672F3 /* Sources */,
				B7B53DCF255F0B2D00F672F3 /* Frameworks */,
				B7B53DD0255F0B2D00F672F3 /* Resources */,
			);
			buildRules = (
			);
			dependencies = (
				B7B53DD4255F0B2D00F672F3 /* PBXTargetDependency */,
			);
			name = ContactsAppTests;
			productName = ContactsAppTests;
			productReference = B7B53DD2255F0B2D00F672F3 /* ContactsAppTests.xctest */;
			productType = "com.apple.product-type.bundle.unit-test";
		};
		B7B53DDC255F0B2D00F672F3 /* ContactsAppUITests */ = {
			isa = PBXNativeTarget;
			buildConfigurationList = B7B53DEC255F0B2D00F672F3 /* Build configuration list for PBXNativeTarget "ContactsAppUITests" */;
			buildPhases = (
				B7B53DD9255F0B2D00F672F3 /* Sources */,
				B7B53DDA255F0B2D00F672F3 /* Frameworks */,
				B7B53DDB255F0B2D00F672F3 /* Resources */,
			);
			buildRules = (
			);
			dependencies = (
				B7B53DDF255F0B2D00F672F3 /* PBXTargetDependency */,
			);
			name = ContactsAppUITests;
			productName = ContactsAppUITests;
			productReference = B7B53DDD255F0B2D00F672F3 /* ContactsAppUITests.xctest */;
			productType = "com.apple.product-type.bundle.ui-testing";
		};
/* End PBXNativeTarget section */

/* Begin PBXProject section */
		B7B53DB4255F0B2700F672F3 /* Project object */ = {
			isa = PBXProject;
			attributes = {
				LastSwiftUpdateCheck = 1200;
				LastUpgradeCheck = 1200;
				TargetAttributes = {
					B7B53DBB255F0B2700F672F3 = {
						CreatedOnToolsVersion = 12.0;
					};
					B7B53DD1255F0B2D00F672F3 = {
						CreatedOnToolsVersion = 12.0;
						TestTargetID = B7B53DBB255F0B2700F672F3;
					};
					B7B53DDC255F0B2D00F672F3 = {
						CreatedOnToolsVersion = 12.0;
						TestTargetID = B7B53DBB255F0B2700F672F3;
					};
				};
			};
			buildConfigurationList = B7B53DB7255F0B2700F672F3 /* Build configuration list for PBXProject "ContactsApp" */;
			compatibilityVersion = "Xcode 9.3";
			developmentRegion = en;
			hasScannedForEncodings = 0;
			knownRegions = (
				en,
				Base,
			);
			mainGroup = B7B53DB3255F0B2700F672F3;
			productRefGroup = B7B53DBD255F0B2800F672F3 /* Products */;
			projectDirPath = "";
			projectRoot = "";
			targets = (
				B7B53DBB255F0B2700F672F3 /* ContactsApp */,
				B7B53DD1255F0B2D00F672F3 /* ContactsAppTests */,
				B7B53DDC255F0B2D00F672F3 /* ContactsAppUITests */,
			);
		};
/* End PBXProject section */

/* Begin PBXResourcesBuildPhase section */
		B7B53DBA255F0B2700F672F3 /* Resources */ = {
			isa = PBXResourcesBuildPhase;
			buildActionMask = 2147483647;
			files = (
				B7B53DCC255F0B2D00F672F3 /* LaunchScreen.storyboard in Resources */,
				B7B53DC9255F0B2D00F672F3 /* Assets.xcassets in Resources */,
				B7B53DC7255F0B2800F672F3 /* Main.storyboard in Resources */,
			);
			runOnlyForDeploymentPostprocessing = 0;
		};
		B7B53DD0255F0B2D00F672F3 /* Resources */ = {
			isa = PBXResourcesBuildPhase;
			buildActionMask = 2147483647;
			files = (
			);
			runOnlyForDeploymentPostprocessing = 0;
		};
		B7B53DDB255F0B2D00F672F3 /* Resources */ = {
			isa = PBXResourcesBuildPhase;
			buildActionMask = 2147483647;
			files = (
			);
			runOnlyForDeploymentPostprocessing = 0;
		};
/* End PBXResourcesBuildPhase section */

/* Begin PBXSourcesBuildPhase section */
		B7B53DB8255F0B2700F672F3 /* Sources */ = {
			isa = PBXSourcesBuildPhase;
			buildActionMask = 2147483647;
			files = (
				B7B53DF6255F0EA600F672F3 /* Contacts.swift in Sources */,
				B7B53E01255F249800F672F3 /* NewContactViewController.swift in Sources */,
				B7B53DC4255F0B2800F672F3 /* ContactsViewController.swift in Sources */,
				B7B53DC0255F0B2800F672F3 /* AppDelegate.swift in Sources */,
				B7B53DC2255F0B2800F672F3 /* SceneDelegate.swift in Sources */,
			);
			runOnlyForDeploymentPostprocessing = 0;
		};
		B7B53DCE255F0B2D00F672F3 /* Sources */ = {
			isa = PBXSourcesBuildPhase;
			buildActionMask = 2147483647;
			files = (
				B7B53DD7255F0B2D00F672F3 /* ContactsAppTests.swift in Sources */,
			);
			runOnlyForDeploymentPostprocessing = 0;
		};
		B7B53DD9255F0B2D00F672F3 /* Sources */ = {
			isa = PBXSourcesBuildPhase;
			buildActionMask = 2147483647;
			files = (
				B7B53DE2255F0B2D00F672F3 /* ContactsAppUITests.swift in Sources */,
			);
			runOnlyForDeploymentPostprocessing = 0;
		};
/* End PBXSourcesBuildPhase section */

/* Begin PBXTargetDependency section */
		B7B53DD4255F0B2D00F672F3 /* PBXTargetDependency */ = {
			isa = PBXTargetDependency;
			target = B7B53DBB255F0B2700F672F3 /* ContactsApp */;
			targetProxy = B7B53DD3255F0B2D00F672F3 /* PBXContainerItemProxy */;
		};
		B7B53DDF255F0B2D00F672F3 /* PBXTargetDependency */ = {
			isa = PBXTargetDependency;
			target = B7B53DBB255F0B2700F672F3 /* ContactsApp */;
			targetProxy = B7B53DDE255F0B2D00F672F3 /* PBXContainerItemProxy */;
		};
/* End PBXTargetDependency section */

/* Begin PBXVariantGroup section */
		B7B53DC5255F0B2800F672F3 /* Main.storyboard */ = {
			isa = PBXVariantGroup;
			children = (
				B7B53DC6255F0B2800F672F3 /* Base */,
			);
			name = Main.storyboard;
			sourceTree = "<group>";
		};
		B7B53DCA255F0B2D00F672F3 /* LaunchScreen.storyboard */ = {
			isa = PBXVariantGroup;
			children = (
				B7B53DCB255F0B2D00F672F3 /* Base */,
			);
			name = LaunchScreen.storyboard;
			sourceTree = "<group>";
		};
/* End PBXVariantGroup section */

/* Begin XCBuildConfiguration section */
		B7B53DE4255F0B2D00F672F3 /* Debug */ = {
			isa = XCBuildConfiguration;
			buildSettings = {
				ALWAYS_SEARCH_USER_PATHS = NO;
				CLANG_ANALYZER_NONNULL = YES;
				CLANG_ANALYZER_NUMBER_OBJECT_CONVERSION = YES_AGGRESSIVE;
				CLANG_CXX_LANGUAGE_STANDARD = "gnu++14";
				CLANG_CXX_LIBRARY = "libc++";
				CLANG_ENABLE_MODULES = YES;
				CLANG_ENABLE_OBJC_ARC = YES;
				CLANG_ENABLE_OBJC_WEAK = YES;
				CLANG_WARN_BLOCK_CAPTURE_AUTORELEASING = YES;
				CLANG_WARN_BOOL_CONVERSION = YES;
				CLANG_WARN_COMMA = YES;
				CLANG_WARN_CONSTANT_CONVERSION = YES;
				CLANG_WARN_DEPRECATED_OBJC_IMPLEMENTATIONS = YES;
				CLANG_WARN_DIRECT_OBJC_ISA_USAGE = YES_ERROR;
				CLANG_WARN_DOCUMENTATION_COMMENTS = YES;
				CLANG_WARN_EMPTY_BODY = YES;
				CLANG_WARN_ENUM_CONVERSION = YES;
				CLANG_WARN_INFINITE_RECURSION = YES;
				CLANG_WARN_INT_CONVERSION = YES;
				CLANG_WARN_NON_LITERAL_NULL_CONVERSION = YES;
				CLANG_WARN_OBJC_IMPLICIT_RETAIN_SELF = YES;
				CLANG_WARN_OBJC_LITERAL_CONVERSION = YES;
				CLANG_WARN_OBJC_ROOT_CLASS = YES_ERROR;
				CLANG_WARN_QUOTED_INCLUDE_IN_FRAMEWORK_HEADER = YES;
				CLANG_WARN_RANGE_LOOP_ANALYSIS = YES;
				CLANG_WARN_STRICT_PROTOTYPES = YES;
				CLANG_WARN_SUSPICIOUS_MOVE = YES;
				CLANG_WARN_UNGUARDED_AVAILABILITY = YES_AGGRESSIVE;
				CLANG_WARN_UNREACHABLE_CODE = YES;
				CLANG_WARN__DUPLICATE_METHOD_MATCH = YES;
				COPY_PHASE_STRIP = NO;
				DEBUG_INFORMATION_FORMAT = dwarf;
				ENABLE_STRICT_OBJC_MSGSEND = YES;
				ENABLE_TESTABILITY = YES;
				GCC_C_LANGUAGE_STANDARD = gnu11;
				GCC_DYNAMIC_NO_PIC = NO;
				GCC_NO_COMMON_BLOCKS = YES;
				GCC_OPTIMIZATION_LEVEL = 0;
				GCC_PREPROCESSOR_DEFINITIONS = (
					"DEBUG=1",
					"$(inherited)",
				);
				GCC_WARN_64_TO_32_BIT_CONVERSION = YES;
				GCC_WARN_ABOUT_RETURN_TYPE = YES_ERROR;
				GCC_WARN_UNDECLARED_SELECTOR = YES;
				GCC_WARN_UNINITIALIZED_AUTOS = YES_AGGRESSIVE;
				GCC_WARN_UNUSED_FUNCTION = YES;
				GCC_WARN_UNUSED_VARIABLE = YES;
				IPHONEOS_DEPLOYMENT_TARGET = 14.0;
				MTL_ENABLE_DEBUG_INFO = INCLUDE_SOURCE;
				MTL_FAST_MATH = YES;
				ONLY_ACTIVE_ARCH = YES;
				SDKROOT = iphoneos;
				SWIFT_ACTIVE_COMPILATION_CONDITIONS = DEBUG;
				SWIFT_OPTIMIZATION_LEVEL = "-Onone";
			};
			name = Debug;
		};
		B7B53DE5255F0B2D00F672F3 /* Release */ = {
			isa = XCBuildConfiguration;
			buildSettings = {
				ALWAYS_SEARCH_USER_PATHS = NO;
				CLANG_ANALYZER_NONNULL = YES;
				CLANG_ANALYZER_NUMBER_OBJECT_CONVERSION = YES_AGGRESSIVE;
				CLANG_CXX_LANGUAGE_STANDARD = "gnu++14";
				CLANG_CXX_LIBRARY = "libc++";
				CLANG_ENABLE_MODULES = YES;
				CLANG_ENABLE_OBJC_ARC = YES;
				CLANG_ENABLE_OBJC_WEAK = YES;
				CLANG_WARN_BLOCK_CAPTURE_AUTORELEASING = YES;
				CLANG_WARN_BOOL_CONVERSION = YES;
				CLANG_WARN_COMMA = YES;
				CLANG_WARN_CONSTANT_CONVERSION = YES;
				CLANG_WARN_DEPRECATED_OBJC_IMPLEMENTATIONS = YES;
				CLANG_WARN_DIRECT_OBJC_ISA_USAGE = YES_ERROR;
				CLANG_WARN_DOCUMENTATION_COMMENTS = YES;
				CLANG_WARN_EMPTY_BODY = YES;
				CLANG_WARN_ENUM_CONVERSION = YES;
				CLANG_WARN_INFINITE_RECURSION = YES;
				CLANG_WARN_INT_CONVERSION = YES;
				CLANG_WARN_NON_LITERAL_NULL_CONVERSION = YES;
				CLANG_WARN_OBJC_IMPLICIT_RETAIN_SELF = YES;
				CLANG_WARN_OBJC_LITERAL_CONVERSION = YES;
				CLANG_WARN_OBJC_ROOT_CLASS = YES_ERROR;
				CLANG_WARN_QUOTED_INCLUDE_IN_FRAMEWORK_HEADER = YES;
				CLANG_WARN_RANGE_LOOP_ANALYSIS = YES;
				CLANG_WARN_STRICT_PROTOTYPES = YES;
				CLANG_WARN_SUSPICIOUS_MOVE = YES;
				CLANG_WARN_UNGUARDED_AVAILABILITY = YES_AGGRESSIVE;
				CLANG_WARN_UNREACHABLE_CODE = YES;
				CLANG_WARN__DUPLICATE_METHOD_MATCH = YES;
				COPY_PHASE_STRIP = NO;
				DEBUG_INFORMATION_FORMAT = "dwarf-with-dsym";
				ENABLE_NS_ASSERTIONS = NO;
				ENABLE_STRICT_OBJC_MSGSEND = YES;
				GCC_C_LANGUAGE_STANDARD = gnu11;
				GCC_NO_COMMON_BLOCKS = YES;
				GCC_WARN_64_TO_32_BIT_CONVERSION = YES;
				GCC_WARN_ABOUT_RETURN_TYPE = YES_ERROR;
				GCC_WARN_UNDECLARED_SELECTOR = YES;
				GCC_WARN_UNINITIALIZED_AUTOS = YES_AGGRESSIVE;
				GCC_WARN_UNUSED_FUNCTION = YES;
				GCC_WARN_UNUSED_VARIABLE = YES;
				IPHONEOS_DEPLOYMENT_TARGET = 14.0;
				MTL_ENABLE_DEBUG_INFO = NO;
				MTL_FAST_MATH = YES;
				SDKROOT = iphoneos;
				SWIFT_COMPILATION_MODE = wholemodule;
				SWIFT_OPTIMIZATION_LEVEL = "-O";
				VALIDATE_PRODUCT = YES;
			};
			name = Release;
		};
		B7B53DE7255F0B2D00F672F3 /* Debug */ = {
			isa = XCBuildConfiguration;
			buildSettings = {
				ASSETCATALOG_COMPILER_APPICON_NAME = AppIcon;
				ASSETCATALOG_COMPILER_GLOBAL_ACCENT_COLOR_NAME = AccentColor;
				CODE_SIGN_STYLE = Automatic;
				DEVELOPMENT_TEAM = WDT827LK75;
				INFOPLIST_FILE = ContactsApp/Info.plist;
				LD_RUNPATH_SEARCH_PATHS = (
					"$(inherited)",
					"@executable_path/Frameworks",
				);
				PRODUCT_BUNDLE_IDENTIFIER = com.Amy.ContactsApp;
				PRODUCT_NAME = "$(TARGET_NAME)";
				SWIFT_VERSION = 5.0;
				TARGETED_DEVICE_FAMILY = "1,2";
			};
			name = Debug;
		};
		B7B53DE8255F0B2D00F672F3 /* Release */ = {
			isa = XCBuildConfiguration;
			buildSettings = {
				ASSETCATALOG_COMPILER_APPICON_NAME = AppIcon;
				ASSETCATALOG_COMPILER_GLOBAL_ACCENT_COLOR_NAME = AccentColor;
				CODE_SIGN_STYLE = Automatic;
				DEVELOPMENT_TEAM = WDT827LK75;
				INFOPLIST_FILE = ContactsApp/Info.plist;
				LD_RUNPATH_SEARCH_PATHS = (
					"$(inherited)",
					"@executable_path/Frameworks",
				);
				PRODUCT_BUNDLE_IDENTIFIER = com.Amy.ContactsApp;
				PRODUCT_NAME = "$(TARGET_NAME)";
				SWIFT_VERSION = 5.0;
				TARGETED_DEVICE_FAMILY = "1,2";
			};
			name = Release;
		};
		B7B53DEA255F0B2D00F672F3 /* Debug */ = {
			isa = XCBuildConfiguration;
			buildSettings = {
				ALWAYS_EMBED_SWIFT_STANDARD_LIBRARIES = YES;
				BUNDLE_LOADER = "$(TEST_HOST)";
				CODE_SIGN_STYLE = Automatic;
				DEVELOPMENT_TEAM = WDT827LK75;
				INFOPLIST_FILE = ContactsAppTests/Info.plist;
				IPHONEOS_DEPLOYMENT_TARGET = 14.0;
				LD_RUNPATH_SEARCH_PATHS = (
					"$(inherited)",
					"@executable_path/Frameworks",
					"@loader_path/Frameworks",
				);
				PRODUCT_BUNDLE_IDENTIFIER = com.Amy.ContactsAppTests;
				PRODUCT_NAME = "$(TARGET_NAME)";
				SWIFT_VERSION = 5.0;
				TARGETED_DEVICE_FAMILY = "1,2";
				TEST_HOST = "$(BUILT_PRODUCTS_DIR)/ContactsApp.app/ContactsApp";
			};
			name = Debug;
		};
		B7B53DEB255F0B2D00F672F3 /* Release */ = {
			isa = XCBuildConfiguration;
			buildSettings = {
				ALWAYS_EMBED_SWIFT_STANDARD_LIBRARIES = YES;
				BUNDLE_LOADER = "$(TEST_HOST)";
				CODE_SIGN_STYLE = Automatic;
				DEVELOPMENT_TEAM = WDT827LK75;
				INFOPLIST_FILE = ContactsAppTests/Info.plist;
				IPHONEOS_DEPLOYMENT_TARGET = 14.0;
				LD_RUNPATH_SEARCH_PATHS = (
					"$(inherited)",
					"@executable_path/Frameworks",
					"@loader_path/Frameworks",
				);
				PRODUCT_BUNDLE_IDENTIFIER = com.Amy.ContactsAppTests;
				PRODUCT_NAME = "$(TARGET_NAME)";
				SWIFT_VERSION = 5.0;
				TARGETED_DEVICE_FAMILY = "1,2";
				TEST_HOST = "$(BUILT_PRODUCTS_DIR)/ContactsApp.app/ContactsApp";
			};
			name = Release;
		};
		B7B53DED255F0B2D00F672F3 /* Debug */ = {
			isa = XCBuildConfiguration;
			buildSettings = {
				ALWAYS_EMBED_SWIFT_STANDARD_LIBRARIES = YES;
				CODE_SIGN_STYLE = Automatic;
				DEVELOPMENT_TEAM = WDT827LK75;
				INFOPLIST_FILE = ContactsAppUITests/Info.plist;
				LD_RUNPATH_SEARCH_PATHS = (
					"$(inherited)",
					"@executable_path/Frameworks",
					"@loader_path/Frameworks",
				);
				PRODUCT_BUNDLE_IDENTIFIER = com.Amy.ContactsAppUITests;
				PRODUCT_NAME = "$(TARGET_NAME)";
				SWIFT_VERSION = 5.0;
				TARGETED_DEVICE_FAMILY = "1,2";
				TEST_TARGET_NAME = ContactsApp;
			};
			name = Debug;
		};
		B7B53DEE255F0B2D00F672F3 /* Release */ = {
			isa = XCBuildConfiguration;
			buildSettings = {
				ALWAYS_EMBED_SWIFT_STANDARD_LIBRARIES = YES;
				CODE_SIGN_STYLE = Automatic;
				DEVELOPMENT_TEAM = WDT827LK75;
				INFOPLIST_FILE = ContactsAppUITests/Info.plist;
				LD_RUNPATH_SEARCH_PATHS = (
					"$(inherited)",
					"@executable_path/Frameworks",
					"@loader_path/Frameworks",
				);
				PRODUCT_BUNDLE_IDENTIFIER = com.Amy.ContactsAppUITests;
				PRODUCT_NAME = "$(TARGET_NAME)";
				SWIFT_VERSION = 5.0;
				TARGETED_DEVICE_FAMILY = "1,2";
				TEST_TARGET_NAME = ContactsApp;
			};
			name = Release;
		};
/* End XCBuildConfiguration section */

/* Begin XCConfigurationList section */
		B7B53DB7255F0B2700F672F3 /* Build configuration list for PBXProject "ContactsApp" */ = {
			isa = XCConfigurationList;
			buildConfigurations = (
				B7B53DE4255F0B2D00F672F3 /* Debug */,
				B7B53DE5255F0B2D00F672F3 /* Release */,
			);
			defaultConfigurationIsVisible = 0;
			defaultConfigurationName = Release;
		};
		B7B53DE6255F0B2D00F672F3 /* Build configuration list for PBXNativeTarget "ContactsApp" */ = {
			isa = XCConfigurationList;
			buildConfigurations = (
				B7B53DE7255F0B2D00F672F3 /* Debug */,
				B7B53DE8255F0B2D00F672F3 /* Release */,
			);
			defaultConfigurationIsVisible = 0;
			defaultConfigurationName = Release;
		};
		B7B53DE9255F0B2D00F672F3 /* Build configuration list for PBXNativeTarget "ContactsAppTests" */ = {
			isa = XCConfigurationList;
			buildConfigurations = (
				B7B53DEA255F0B2D00F672F3 /* Debug */,
				B7B53DEB255F0B2D00F672F3 /* Release */,
			);
			defaultConfigurationIsVisible = 0;
			defaultConfigurationName = Release;
		};
		B7B53DEC255F0B2D00F672F3 /* Build configuration list for PBXNativeTarget "ContactsAppUITests" */ = {
			isa = XCConfigurationList;
			buildConfigurations = (
				B7B53DED255F0B2D00F672F3 /* Debug */,
				B7B53DEE255F0B2D00F672F3 /* Release */,
			);
			defaultConfigurationIsVisible = 0;
			defaultConfigurationName = Release;
		};
/* End XCConfigurationList section */
	};
	rootObject = B7B53DB4255F0B2700F672F3 /* Project object */;
}
